<?xml version="1.0" encoding="utf-8"?>
<Project ToolsVersion="4.0" xmlns="http://schemas.microsoft.com/developer/msbuild/2003">
  <ItemGroup>
    <Filter Include="Source Files">
      <UniqueIdentifier>{4FC737F1-C7A5-4376-A066-2A32D752A2FF}</UniqueIdentifier>
      <Extensions>qml;cpp;c;cc;cxx;def;odl;idl;hpj;bat;asm;asmx</Extensions>
    </Filter>
    <Filter Include="Header Files">
      <UniqueIdentifier>{93995380-89BD-4b04-88EB-625FBE52EBFB}</UniqueIdentifier>
      <Extensions>h;hh;hpp;hxx;hm;inl;inc;xsd</Extensions>
    </Filter>
    <Filter Include="Resource Files">
      <UniqueIdentifier>{67DA6AB6-F800-4c08-8B7A-83BB121AAD01}</UniqueIdentifier>
      <Extensions>qrc;rc;ico;cur;bmp;dlg;rc2;rct;bin;rgs;gif;jpg;jpeg;jpe;resx;tiff;tif;png;wav;mfcribbon-ms</Extensions>
    </Filter>
    <Filter Include="Form Files">
      <UniqueIdentifier>{99349809-55BA-4b9d-BF79-8FDBB0286EB3}</UniqueIdentifier>
      <Extensions>ui</Extensions>
    </Filter>
    <Filter Include="Translation Files">
      <UniqueIdentifier>{639EADAA-A684-42e4-A9AD-28FC9BCB8F7C}</UniqueIdentifier>
      <Extensions>ts</Extensions>
    </Filter>
    <Filter Include="music f">
      <UniqueIdentifier>{140fdb24-3b36-4f3c-9c00-c0e9dbdfbd5b}</UniqueIdentifier>
    </Filter>
    <Filter Include="Data">
      <UniqueIdentifier>{e1ff6603-b358-48b0-ace9-60c2b21b0a8c}</UniqueIdentifier>
    </Filter>
  </ItemGroup>
  <ItemGroup>
    <QtRcc Include="main_project.qrc">
      <Filter>Resource Files</Filter>
    </QtRcc>
    <QtUic Include="main_project.ui">
      <Filter>Form Files</Filter>
    </QtUic>
    <QtMoc Include="MainWindow.h">
      <Filter>Header Files</Filter>
    </QtMoc>
    <ClCompile Include="MainWindow.cpp">
      <Filter>Source Files</Filter>
    </ClCompile>
    <None Include="main_project.ico">
      <Filter>Resource Files</Filter>
    </None>
    <ResourceCompile Include="main_project.rc">
      <Filter>Resource Files</Filter>
    </ResourceCompile>
  </ItemGroup>
  <ItemGroup>
    <ClCompile Include="main.cpp">
      <Filter>Source Files</Filter>
    </ClCompile>
    <ClCompile Include="SignWindow.cpp">
      <Filter>Source Files</Filter>
    </ClCompile>
    <ClCompile Include="CurrencyConverter.cpp">
      <Filter>Source Files</Filter>
    </ClCompile>
    <ClCompile Include="Transaction.h">
      <Filter>Header Files</Filter>
    </ClCompile>
    <ClCompile Include="User.cpp">
      <Filter>Source Files</Filter>
    </ClCompile>
    <ClCompile Include="DataBase.cpp">
      <Filter>Source Files</Filter>
    </ClCompile>
  </ItemGroup>
  <ItemGroup>
    <QtMoc Include="SignWindow.h">
      <Filter>Header Files</Filter>
    </QtMoc>
  </ItemGroup>
  <ItemGroup>
    <Media Include="..\..\..\OneDrive\Музыка\david kushner - daylight (slowed + reverb) - 320.mp3">
      <Filter>music f</Filter>
    </Media>
    <Media Include="..\..\..\OneDrive\Музыка\duncan laurence - arcade (slowed).mp3">
      <Filter>music f</Filter>
    </Media>
    <Media Include="..\..\..\OneDrive\Музыка\Harry Styles - As It Was (Lyrics) - 320.mp3">
      <Filter>music f</Filter>
    </Media>
    <Media Include="..\..\..\OneDrive\Музыка\I Wanna Be Yours X Summertime Sadness (Lyrics) - 320.mp3">
      <Filter>music f</Filter>
    </Media>
    <Media Include="..\..\..\OneDrive\Музыка\idfc x soap tiktok remix (slowed + reverb) - 320.mp3">
      <Filter>music f</Filter>
    </Media>
    <Media Include="..\..\..\OneDrive\Музыка\%27I%27ll Be There For You%27 (Friends Theme Song) - 320.mp3">
      <Filter>music f</Filter>
    </Media>
    <Media Include="..\..\..\OneDrive\Музыка\Jaymes Young - Infinity - 320.mp3">
      <Filter>music f</Filter>
    </Media>
    <Media Include="..\..\..\OneDrive\Музыка\Keane Somewhere Only We Know Lyrics.mp3">
      <Filter>music f</Filter>
    </Media>
    <Media Include="..\..\..\OneDrive\Музыка\memories x another love lyrics tiktok version tom odell x conan gray.mp3">
      <Filter>music f</Filter>
    </Media>
    <Media Include="..\..\..\OneDrive\Музыка\Mr. Kitty, The Neighbourhood - After Dark X Sweater Weather (TikTok Mashup) [Lyrics] - 320.mp3">
      <Filter>music f</Filter>
    </Media>
    <Media Include="..\..\..\OneDrive\Музыка\Nostalgic Memories x Another Love (Sped Up) - 320.mp3">
      <Filter>music f</Filter>
    </Media>
    <Media Include="..\..\..\OneDrive\Музыка\O Melhor no Que Faz 3.0.mp3">
      <Filter>music f</Filter>
    </Media>
    <Media Include="..\..\..\OneDrive\Музыка\Polozhenie Guitar - Slowed to PERFECTION  (Sigma Song) - 320.mp3">
      <Filter>music f</Filter>
    </Media>
    <Media Include="..\..\..\OneDrive\Музыка\set fire to the rain adele x another love (slowed + reverb) Zack slowed music - 320.mp3">
      <Filter>music f</Filter>
    </Media>
    <Media Include="..\..\..\OneDrive\Музыка\set-fire-to-the-rain-x-another-love-_______-______-_______.mp3">
      <Filter>music f</Filter>
    </Media>
    <Media Include="..\..\..\OneDrive\Музыка\sped up + slowed - Another Love (Official Slowed Down Version) - 320.mp3">
      <Filter>music f</Filter>
    </Media>
    <Media Include="..\..\..\OneDrive\Музыка\stereo love [slowed to perfection] - 320.mp3">
      <Filter>music f</Filter>
    </Media>
    <Media Include="..\..\..\OneDrive\Музыка\The Neighbourhood - Softcore (Lyrics) I%27m too consumed with my own life - 320.mp3">
      <Filter>music f</Filter>
    </Media>
    <Media Include="..\..\..\OneDrive\Музыка\The Neighbourhood - Softcore Slowed amp Reverb .mp3">
      <Filter>music f</Filter>
    </Media>
    <Media Include="..\..\..\OneDrive\Музыка\The Neighbourhood - Softcore slowed lyrics .mp3">
      <Filter>music f</Filter>
    </Media>
    <Media Include="..\..\..\OneDrive\Музыка\The Neighbourhood Sweater Weather Slowed Reverb (2).mp3">
      <Filter>music f</Filter>
    </Media>
    <Media Include="..\..\..\OneDrive\Музыка\the weeknd - starboy (slowed + reverb) - 320.mp3">
      <Filter>music f</Filter>
    </Media>
    <Media Include="..\..\..\OneDrive\Музыка\Adele_-_Set_Fire_to_the_Rain.mp3">
      <Filter>music f</Filter>
    </Media>
    <Media Include="..\..\..\OneDrive\Музыка\alec benjamin - let me down slowly ( slowed + reverb + bass boosted ) - 320.mp3">
      <Filter>music f</Filter>
    </Media>
    <Media Include="..\..\..\OneDrive\Музыка\Ari Abdul - BABYDOLL (Lyrics) - 320.mp3">
      <Filter>music f</Filter>
    </Media>
    <Media Include="..\..\..\OneDrive\Музыка\Bloody Mary Remix ( refrain + dum dum, da-di-da ) [ Full Version ] (slowed) - 320.mp3">
      <Filter>music f</Filter>
    </Media>
    <Media Include="..\..\..\OneDrive\Музыка\Calvin Harris - Outside ft. Ellie Goulding (slowed + reverb) - 320.mp3">
      <Filter>music f</Filter>
    </Media>
  </ItemGroup>
  <ItemGroup>
    <None Include="signStyle.qss" />
    <None Include="mainStyle.qss" />
    <None Include="cpp.hint" />
  </ItemGroup>
  <ItemGroup>
    <ClInclude Include="CurrencyConverter.h">
      <Filter>Header Files</Filter>
    </ClInclude>
    <ClInclude Include="User.h">
      <Filter>Header Files</Filter>
    </ClInclude>
    <ClInclude Include="DataBase.h">
      <Filter>Header Files</Filter>
    </ClInclude>
  </ItemGroup>
  <ItemGroup>
    <Text Include="Data.txt">
      <Filter>Data</Filter>
    </Text>
  </ItemGroup>
</Project>